{
  "originHash" : "4085f5467a3acaaf6baf769c1d94bdfe53c98e0ac321c0710dad06529cca0a6f",
  "pins" : [
    {
      "identity" : "ios-emarsys-sdk",
      "kind" : "remoteSourceControl",
      "location" : "https://github.com/emartech/ios-emarsys-sdk.git",
      "state" : {
        "revision" : "d8499d89e6ab4e34beec4fe5064e85e4626d8006",
        "version" : "3.7.2"
      }
    }
  ],
  "version" : 3
}
